// !$*UTF8*$!
{
	archiveVersion = 1;
	classes = {
	};
	objectVersion = 46;
	objects = {

/* Begin PBXBuildFile section */
		815D9D831E8293DA003E8595 /* Accelerate.framework in Frameworks */ = {isa = PBXBuildFile; fileRef = 815D9D821E8293DA003E8595 /* Accelerate.framework */; };
		815D9D851E8293F8003E8595 /* AssetsLibrary.framework in Frameworks */ = {isa = PBXBuildFile; fileRef = 815D9D841E8293F8003E8595 /* AssetsLibrary.framework */; };
		815D9D871E8293FC003E8595 /* AVFoundation.framework in Frameworks */ = {isa = PBXBuildFile; fileRef = 815D9D861E8293FC003E8595 /* AVFoundation.framework */; };
		815D9D891E829405003E8595 /* CoreImage.framework in Frameworks */ = {isa = PBXBuildFile; fileRef = 815D9D881E829405003E8595 /* CoreImage.framework */; };
		815D9D8B1E82944C003E8595 /* UIKit.framework in Frameworks */ = {isa = PBXBuildFile; fileRef = 815D9D8A1E82944C003E8595 /* UIKit.framework */; };
		815D9D8D1E829477003E8595 /* CoreMedia.framework in Frameworks */ = {isa = PBXBuildFile; fileRef = 815D9D8C1E829477003E8595 /* CoreMedia.framework */; };
		815D9D901E829C8C003E8595 /* UIImage+OpenCV.mm in Sources */ = {isa = PBXBuildFile; fileRef = 815D9D8F1E829C8C003E8595 /* UIImage+OpenCV.mm */; };
		817BE4761E8258B700DA9663 /* main.m in Sources */ = {isa = PBXBuildFile; fileRef = 817BE4751E8258B700DA9663 /* main.m */; };
		817BE4791E8258B700DA9663 /* AppDelegate.mm in Sources */ = {isa = PBXBuildFile; fileRef = 817BE4781E8258B700DA9663 /* AppDelegate.mm */; };
		817BE47C1E8258B700DA9663 /* ViewController.mm in Sources */ = {isa = PBXBuildFile; fileRef = 817BE47B1E8258B700DA9663 /* ViewController.mm */; };
		817BE47F1E8258B700DA9663 /* Main.storyboard in Resources */ = {isa = PBXBuildFile; fileRef = 817BE47D1E8258B700DA9663 /* Main.storyboard */; };
		817BE4811E8258B700DA9663 /* Assets.xcassets in Resources */ = {isa = PBXBuildFile; fileRef = 817BE4801E8258B700DA9663 /* Assets.xcassets */; };
		817BE4841E8258B700DA9663 /* LaunchScreen.storyboard in Resources */ = {isa = PBXBuildFile; fileRef = 817BE4821E8258B700DA9663 /* LaunchScreen.storyboard */; };
		817BE48F1E8258B700DA9663 /* ProjectAppTests.m in Sources */ = {isa = PBXBuildFile; fileRef = 817BE48E1E8258B700DA9663 /* ProjectAppTests.m */; };
		817BE49A1E8258B700DA9663 /* ProjectAppUITests.m in Sources */ = {isa = PBXBuildFile; fileRef = 817BE4991E8258B700DA9663 /* ProjectAppUITests.m */; };
		817BE4B01E827F8300DA9663 /* opencv2.framework in Frameworks */ = {isa = PBXBuildFile; fileRef = 817BE4AE1E827F6400DA9663 /* opencv2.framework */; };
		817BE4B21E82833300DA9663 /* Camera.mm in Sources */ = {isa = PBXBuildFile; fileRef = 817BE4B11E82833300DA9663 /* Camera.mm */; };
/* End PBXBuildFile section */

/* Begin PBXContainerItemProxy section */
		817BE48B1E8258B700DA9663 /* PBXContainerItemProxy */ = {
			isa = PBXContainerItemProxy;
			containerPortal = 817BE4691E8258B700DA9663 /* Project object */;
			proxyType = 1;
			remoteGlobalIDString = 817BE4701E8258B700DA9663;
			remoteInfo = ProjectApp;
		};
		817BE4961E8258B700DA9663 /* PBXContainerItemProxy */ = {
			isa = PBXContainerItemProxy;
			containerPortal = 817BE4691E8258B700DA9663 /* Project object */;
			proxyType = 1;
			remoteGlobalIDString = 817BE4701E8258B700DA9663;
			remoteInfo = ProjectApp;
		};
/* End PBXContainerItemProxy section */

/* Begin PBXFileReference section */
		815D9D821E8293DA003E8595 /* Accelerate.framework */ = {isa = PBXFileReference; lastKnownFileType = wrapper.framework; name = Accelerate.framework; path = System/Library/Frameworks/Accelerate.framework; sourceTree = SDKROOT; };
		815D9D841E8293F8003E8595 /* AssetsLibrary.framework */ = {isa = PBXFileReference; lastKnownFileType = wrapper.framework; name = AssetsLibrary.framework; path = System/Library/Frameworks/AssetsLibrary.framework; sourceTree = SDKROOT; };
		815D9D861E8293FC003E8595 /* AVFoundation.framework */ = {isa = PBXFileReference; lastKnownFileType = wrapper.framework; name = AVFoundation.framework; path = System/Library/Frameworks/AVFoundation.framework; sourceTree = SDKROOT; };
		815D9D881E829405003E8595 /* CoreImage.framework */ = {isa = PBXFileReference; lastKnownFileType = wrapper.framework; name = CoreImage.framework; path = System/Library/Frameworks/CoreImage.framework; sourceTree = SDKROOT; };
		815D9D8A1E82944C003E8595 /* UIKit.framework */ = {isa = PBXFileReference; lastKnownFileType = wrapper.framework; name = UIKit.framework; path = System/Library/Frameworks/UIKit.framework; sourceTree = SDKROOT; };
		815D9D8C1E829477003E8595 /* CoreMedia.framework */ = {isa = PBXFileReference; lastKnownFileType = wrapper.framework; name = CoreMedia.framework; path = System/Library/Frameworks/CoreMedia.framework; sourceTree = SDKROOT; };
		815D9D8E1E829C8C003E8595 /* UIImage+OpenCV.h */ = {isa = PBXFileReference; fileEncoding = 4; lastKnownFileType = sourcecode.c.h; path = "UIImage+OpenCV.h"; sourceTree = "<group>"; };
		815D9D8F1E829C8C003E8595 /* UIImage+OpenCV.mm */ = {isa = PBXFileReference; fileEncoding = 4; lastKnownFileType = sourcecode.cpp.objcpp; path = "UIImage+OpenCV.mm"; sourceTree = "<group>"; };
		817BE4711E8258B700DA9663 /* ProjectApp.app */ = {isa = PBXFileReference; explicitFileType = wrapper.application; includeInIndex = 0; path = ProjectApp.app; sourceTree = BUILT_PRODUCTS_DIR; };
		817BE4751E8258B700DA9663 /* main.m */ = {isa = PBXFileReference; lastKnownFileType = sourcecode.c.objc; path = main.m; sourceTree = "<group>"; };
		817BE4771E8258B700DA9663 /* AppDelegate.h */ = {isa = PBXFileReference; lastKnownFileType = sourcecode.c.h; path = AppDelegate.h; sourceTree = "<group>"; };
		817BE4781E8258B700DA9663 /* AppDelegate.mm */ = {isa = PBXFileReference; lastKnownFileType = sourcecode.cpp.objcpp; path = AppDelegate.mm; sourceTree = "<group>"; };
		817BE47A1E8258B700DA9663 /* ViewController.h */ = {isa = PBXFileReference; lastKnownFileType = sourcecode.c.h; path = ViewController.h; sourceTree = "<group>"; };
		817BE47B1E8258B700DA9663 /* ViewController.mm */ = {isa = PBXFileReference; lastKnownFileType = sourcecode.cpp.objcpp; path = ViewController.mm; sourceTree = "<group>"; };
		817BE47E1E8258B700DA9663 /* Base */ = {isa = PBXFileReference; lastKnownFileType = file.storyboard; name = Base; path = Base.lproj/Main.storyboard; sourceTree = "<group>"; };
		817BE4801E8258B700DA9663 /* Assets.xcassets */ = {isa = PBXFileReference; lastKnownFileType = folder.assetcatalog; path = Assets.xcassets; sourceTree = "<group>"; };
		817BE4831E8258B700DA9663 /* Base */ = {isa = PBXFileReference; lastKnownFileType = file.storyboard; name = Base; path = Base.lproj/LaunchScreen.storyboard; sourceTree = "<group>"; };
		817BE4851E8258B700DA9663 /* Info.plist */ = {isa = PBXFileReference; lastKnownFileType = text.plist.xml; path = Info.plist; sourceTree = "<group>"; };
		817BE48A1E8258B700DA9663 /* ProjectAppTests.xctest */ = {isa = PBXFileReference; explicitFileType = wrapper.cfbundle; includeInIndex = 0; path = ProjectAppTests.xctest; sourceTree = BUILT_PRODUCTS_DIR; };
		817BE48E1E8258B700DA9663 /* ProjectAppTests.m */ = {isa = PBXFileReference; lastKnownFileType = sourcecode.c.objc; path = ProjectAppTests.m; sourceTree = "<group>"; };
		817BE4901E8258B700DA9663 /* Info.plist */ = {isa = PBXFileReference; lastKnownFileType = text.plist.xml; path = Info.plist; sourceTree = "<group>"; };
		817BE4951E8258B700DA9663 /* ProjectAppUITests.xctest */ = {isa = PBXFileReference; explicitFileType = wrapper.cfbundle; includeInIndex = 0; path = ProjectAppUITests.xctest; sourceTree = BUILT_PRODUCTS_DIR; };
		817BE4991E8258B700DA9663 /* ProjectAppUITests.m */ = {isa = PBXFileReference; lastKnownFileType = sourcecode.c.objc; path = ProjectAppUITests.m; sourceTree = "<group>"; };
		817BE49B1E8258B700DA9663 /* Info.plist */ = {isa = PBXFileReference; lastKnownFileType = text.plist.xml; path = Info.plist; sourceTree = "<group>"; };
		817BE4A71E82609200DA9663 /* Camera.h */ = {isa = PBXFileReference; lastKnownFileType = sourcecode.c.h; path = Camera.h; sourceTree = "<group>"; };
		817BE4A81E8262DE00DA9663 /* UIGuidance.h */ = {isa = PBXFileReference; lastKnownFileType = sourcecode.c.h; path = UIGuidance.h; sourceTree = "<group>"; };
		817BE4AD1E827C7300DA9663 /* ProjectApp-Prefix.pch */ = {isa = PBXFileReference; lastKnownFileType = sourcecode.c.h; path = "ProjectApp-Prefix.pch"; sourceTree = SOURCE_ROOT; };
		817BE4AE1E827F6400DA9663 /* opencv2.framework */ = {isa = PBXFileReference; lastKnownFileType = wrapper.framework; name = opencv2.framework; path = third_party/opencv2.framework; sourceTree = "<group>"; };
		817BE4B11E82833300DA9663 /* Camera.mm */ = {isa = PBXFileReference; fileEncoding = 4; lastKnownFileType = sourcecode.cpp.objcpp; path = Camera.mm; sourceTree = "<group>"; };
/* End PBXFileReference section */

/* Begin PBXFrameworksBuildPhase section */
		817BE46E1E8258B700DA9663 /* Frameworks */ = {
			isa = PBXFrameworksBuildPhase;
			buildActionMask = 2147483647;
			files = (
				815D9D8D1E829477003E8595 /* CoreMedia.framework in Frameworks */,
				815D9D8B1E82944C003E8595 /* UIKit.framework in Frameworks */,
				815D9D891E829405003E8595 /* CoreImage.framework in Frameworks */,
				815D9D871E8293FC003E8595 /* AVFoundation.framework in Frameworks */,
				815D9D851E8293F8003E8595 /* AssetsLibrary.framework in Frameworks */,
				815D9D831E8293DA003E8595 /* Accelerate.framework in Frameworks */,
				817BE4B01E827F8300DA9663 /* opencv2.framework in Frameworks */,
			);
			runOnlyForDeploymentPostprocessing = 0;
		};
		817BE4871E8258B700DA9663 /* Frameworks */ = {
			isa = PBXFrameworksBuildPhase;
			buildActionMask = 2147483647;
			files = (
			);
			runOnlyForDeploymentPostprocessing = 0;
		};
		817BE4921E8258B700DA9663 /* Frameworks */ = {
			isa = PBXFrameworksBuildPhase;
			buildActionMask = 2147483647;
			files = (
			);
			runOnlyForDeploymentPostprocessing = 0;
		};
/* End PBXFrameworksBuildPhase section */

/* Begin PBXGroup section */
		817BE4681E8258B700DA9663 = {
			isa = PBXGroup;
			children = (
				817BE4731E8258B700DA9663 /* ProjectApp */,
				817BE48D1E8258B700DA9663 /* ProjectAppTests */,
				817BE4981E8258B700DA9663 /* ProjectAppUITests */,
				817BE4721E8258B700DA9663 /* Products */,
				817BE4A91E827B9500DA9663 /* Frameworks */,
			);
			sourceTree = "<group>";
		};
		817BE4721E8258B700DA9663 /* Products */ = {
			isa = PBXGroup;
			children = (
				817BE4711E8258B700DA9663 /* ProjectApp.app */,
				817BE48A1E8258B700DA9663 /* ProjectAppTests.xctest */,
				817BE4951E8258B700DA9663 /* ProjectAppUITests.xctest */,
			);
			name = Products;
			sourceTree = "<group>";
		};
		817BE4731E8258B700DA9663 /* ProjectApp */ = {
			isa = PBXGroup;
			children = (
				817BE4771E8258B700DA9663 /* AppDelegate.h */,
				817BE4781E8258B700DA9663 /* AppDelegate.mm */,
				815D9D8E1E829C8C003E8595 /* UIImage+OpenCV.h */,
				815D9D8F1E829C8C003E8595 /* UIImage+OpenCV.mm */,
				817BE47A1E8258B700DA9663 /* ViewController.h */,
				817BE47B1E8258B700DA9663 /* ViewController.mm */,
				817BE47D1E8258B700DA9663 /* Main.storyboard */,
				817BE4801E8258B700DA9663 /* Assets.xcassets */,
				817BE4821E8258B700DA9663 /* LaunchScreen.storyboard */,
				817BE4851E8258B700DA9663 /* Info.plist */,
				817BE4741E8258B700DA9663 /* Supporting Files */,
				817BE4A71E82609200DA9663 /* Camera.h */,
				817BE4B11E82833300DA9663 /* Camera.mm */,
				817BE4A81E8262DE00DA9663 /* UIGuidance.h */,
			);
			path = ProjectApp;
			sourceTree = "<group>";
		};
		817BE4741E8258B700DA9663 /* Supporting Files */ = {
			isa = PBXGroup;
			children = (
				817BE4AD1E827C7300DA9663 /* ProjectApp-Prefix.pch */,
				817BE4751E8258B700DA9663 /* main.m */,
			);
			name = "Supporting Files";
			sourceTree = "<group>";
		};
		817BE48D1E8258B700DA9663 /* ProjectAppTests */ = {
			isa = PBXGroup;
			children = (
				817BE48E1E8258B700DA9663 /* ProjectAppTests.m */,
				817BE4901E8258B700DA9663 /* Info.plist */,
			);
			path = ProjectAppTests;
			sourceTree = "<group>";
		};
		817BE4981E8258B700DA9663 /* ProjectAppUITests */ = {
			isa = PBXGroup;
			children = (
				817BE4991E8258B700DA9663 /* ProjectAppUITests.m */,
				817BE49B1E8258B700DA9663 /* Info.plist */,
			);
			path = ProjectAppUITests;
			sourceTree = "<group>";
		};
		817BE4A91E827B9500DA9663 /* Frameworks */ = {
			isa = PBXGroup;
			children = (
				815D9D8C1E829477003E8595 /* CoreMedia.framework */,
				815D9D8A1E82944C003E8595 /* UIKit.framework */,
				815D9D881E829405003E8595 /* CoreImage.framework */,
				815D9D861E8293FC003E8595 /* AVFoundation.framework */,
				815D9D841E8293F8003E8595 /* AssetsLibrary.framework */,
				815D9D821E8293DA003E8595 /* Accelerate.framework */,
				817BE4AE1E827F6400DA9663 /* opencv2.framework */,
			);
			name = Frameworks;
			sourceTree = "<group>";
		};
/* End PBXGroup section */

/* Begin PBXNativeTarget section */
		817BE4701E8258B700DA9663 /* ProjectApp */ = {
			isa = PBXNativeTarget;
			buildConfigurationList = 817BE49E1E8258B700DA9663 /* Build configuration list for PBXNativeTarget "ProjectApp" */;
			buildPhases = (
				817BE46D1E8258B700DA9663 /* Sources */,
				817BE46E1E8258B700DA9663 /* Frameworks */,
				817BE46F1E8258B700DA9663 /* Resources */,
			);
			buildRules = (
			);
			dependencies = (
			);
			name = ProjectApp;
			productName = ProjectApp;
			productReference = 817BE4711E8258B700DA9663 /* ProjectApp.app */;
			productType = "com.apple.product-type.application";
		};
		817BE4891E8258B700DA9663 /* ProjectAppTests */ = {
			isa = PBXNativeTarget;
			buildConfigurationList = 817BE4A11E8258B700DA9663 /* Build configuration list for PBXNativeTarget "ProjectAppTests" */;
			buildPhases = (
				817BE4861E8258B700DA9663 /* Sources */,
				817BE4871E8258B700DA9663 /* Frameworks */,
				817BE4881E8258B700DA9663 /* Resources */,
			);
			buildRules = (
			);
			dependencies = (
				817BE48C1E8258B700DA9663 /* PBXTargetDependency */,
			);
			name = ProjectAppTests;
			productName = ProjectAppTests;
			productReference = 817BE48A1E8258B700DA9663 /* ProjectAppTests.xctest */;
			productType = "com.apple.product-type.bundle.unit-test";
		};
		817BE4941E8258B700DA9663 /* ProjectAppUITests */ = {
			isa = PBXNativeTarget;
			buildConfigurationList = 817BE4A41E8258B700DA9663 /* Build configuration list for PBXNativeTarget "ProjectAppUITests" */;
			buildPhases = (
				817BE4911E8258B700DA9663 /* Sources */,
				817BE4921E8258B700DA9663 /* Frameworks */,
				817BE4931E8258B700DA9663 /* Resources */,
			);
			buildRules = (
			);
			dependencies = (
				817BE4971E8258B700DA9663 /* PBXTargetDependency */,
			);
			name = ProjectAppUITests;
			productName = ProjectAppUITests;
			productReference = 817BE4951E8258B700DA9663 /* ProjectAppUITests.xctest */;
			productType = "com.apple.product-type.bundle.ui-testing";
		};
/* End PBXNativeTarget section */

/* Begin PBXProject section */
		817BE4691E8258B700DA9663 /* Project object */ = {
			isa = PBXProject;
			attributes = {
				LastUpgradeCheck = 0820;
				ORGANIZATIONNAME = "Yuval Jacobowitz";
				TargetAttributes = {
					817BE4701E8258B700DA9663 = {
						CreatedOnToolsVersion = 8.2.1;
						ProvisioningStyle = Automatic;
					};
					817BE4891E8258B700DA9663 = {
						CreatedOnToolsVersion = 8.2.1;
						ProvisioningStyle = Automatic;
						TestTargetID = 817BE4701E8258B700DA9663;
					};
					817BE4941E8258B700DA9663 = {
						CreatedOnToolsVersion = 8.2.1;
						ProvisioningStyle = Automatic;
						TestTargetID = 817BE4701E8258B700DA9663;
					};
				};
			};
			buildConfigurationList = 817BE46C1E8258B700DA9663 /* Build configuration list for PBXProject "ProjectApp" */;
			compatibilityVersion = "Xcode 3.2";
			developmentRegion = English;
			hasScannedForEncodings = 0;
			knownRegions = (
				en,
				Base,
			);
			mainGroup = 817BE4681E8258B700DA9663;
			productRefGroup = 817BE4721E8258B700DA9663 /* Products */;
			projectDirPath = "";
			projectRoot = "";
			targets = (
				817BE4701E8258B700DA9663 /* ProjectApp */,
				817BE4891E8258B700DA9663 /* ProjectAppTests */,
				817BE4941E8258B700DA9663 /* ProjectAppUITests */,
			);
		};
/* End PBXProject section */

/* Begin PBXResourcesBuildPhase section */
		817BE46F1E8258B700DA9663 /* Resources */ = {
			isa = PBXResourcesBuildPhase;
			buildActionMask = 2147483647;
			files = (
				817BE4841E8258B700DA9663 /* LaunchScreen.storyboard in Resources */,
				817BE4811E8258B700DA9663 /* Assets.xcassets in Resources */,
				817BE47F1E8258B700DA9663 /* Main.storyboard in Resources */,
			);
			runOnlyForDeploymentPostprocessing = 0;
		};
		817BE4881E8258B700DA9663 /* Resources */ = {
			isa = PBXResourcesBuildPhase;
			buildActionMask = 2147483647;
			files = (
			);
			runOnlyForDeploymentPostprocessing = 0;
		};
		817BE4931E8258B700DA9663 /* Resources */ = {
			isa = PBXResourcesBuildPhase;
			buildActionMask = 2147483647;
			files = (
			);
			runOnlyForDeploymentPostprocessing = 0;
		};
/* End PBXResourcesBuildPhase section */

/* Begin PBXSourcesBuildPhase section */
		817BE46D1E8258B700DA9663 /* Sources */ = {
			isa = PBXSourcesBuildPhase;
			buildActionMask = 2147483647;
			files = (
				817BE4B21E82833300DA9663 /* Camera.mm in Sources */,
				817BE47C1E8258B700DA9663 /* ViewController.mm in Sources */,
				817BE4791E8258B700DA9663 /* AppDelegate.mm in Sources */,
				817BE4761E8258B700DA9663 /* main.m in Sources */,
				815D9D901E829C8C003E8595 /* UIImage+OpenCV.mm in Sources */,
			);
			runOnlyForDeploymentPostprocessing = 0;
		};
		817BE4861E8258B700DA9663 /* Sources */ = {
			isa = PBXSourcesBuildPhase;
			buildActionMask = 2147483647;
			files = (
				817BE48F1E8258B700DA9663 /* ProjectAppTests.m in Sources */,
			);
			runOnlyForDeploymentPostprocessing = 0;
		};
		817BE4911E8258B700DA9663 /* Sources */ = {
			isa = PBXSourcesBuildPhase;
			buildActionMask = 2147483647;
			files = (
				817BE49A1E8258B700DA9663 /* ProjectAppUITests.m in Sources */,
			);
			runOnlyForDeploymentPostprocessing = 0;
		};
/* End PBXSourcesBuildPhase section */

/* Begin PBXTargetDependency section */
		817BE48C1E8258B700DA9663 /* PBXTargetDependency */ = {
			isa = PBXTargetDependency;
			target = 817BE4701E8258B700DA9663 /* ProjectApp */;
			targetProxy = 817BE48B1E8258B700DA9663 /* PBXContainerItemProxy */;
		};
		817BE4971E8258B700DA9663 /* PBXTargetDependency */ = {
			isa = PBXTargetDependency;
			target = 817BE4701E8258B700DA9663 /* ProjectApp */;
			targetProxy = 817BE4961E8258B700DA9663 /* PBXContainerItemProxy */;
		};
/* End PBXTargetDependency section */

/* Begin PBXVariantGroup section */
		817BE47D1E8258B700DA9663 /* Main.storyboard */ = {
			isa = PBXVariantGroup;
			children = (
				817BE47E1E8258B700DA9663 /* Base */,
			);
			name = Main.storyboard;
			sourceTree = "<group>";
		};
		817BE4821E8258B700DA9663 /* LaunchScreen.storyboard */ = {
			isa = PBXVariantGroup;
			children = (
				817BE4831E8258B700DA9663 /* Base */,
			);
			name = LaunchScreen.storyboard;
			sourceTree = "<group>";
		};
/* End PBXVariantGroup section */

/* Begin XCBuildConfiguration section */
		817BE49C1E8258B700DA9663 /* Debug */ = {
			isa = XCBuildConfiguration;
			buildSettings = {
				ALWAYS_SEARCH_USER_PATHS = NO;
				CLANG_ANALYZER_NONNULL = YES;
				CLANG_CXX_LANGUAGE_STANDARD = "gnu++0x";
				CLANG_CXX_LIBRARY = "libc++";
				CLANG_ENABLE_MODULES = YES;
				CLANG_ENABLE_OBJC_ARC = YES;
				CLANG_WARN_BOOL_CONVERSION = YES;
				CLANG_WARN_CONSTANT_CONVERSION = YES;
				CLANG_WARN_DIRECT_OBJC_ISA_USAGE = YES_ERROR;
				CLANG_WARN_DOCUMENTATION_COMMENTS = YES;
				CLANG_WARN_EMPTY_BODY = YES;
				CLANG_WARN_ENUM_CONVERSION = YES;
				CLANG_WARN_INFINITE_RECURSION = YES;
				CLANG_WARN_INT_CONVERSION = YES;
				CLANG_WARN_OBJC_ROOT_CLASS = YES_ERROR;
				CLANG_WARN_SUSPICIOUS_MOVE = YES;
				CLANG_WARN_UNREACHABLE_CODE = YES;
				CLANG_WARN__DUPLICATE_METHOD_MATCH = YES;
				"CODE_SIGN_IDENTITY[sdk=iphoneos*]" = "iPhone Developer";
				COPY_PHASE_STRIP = NO;
				DEBUG_INFORMATION_FORMAT = dwarf;
				ENABLE_STRICT_OBJC_MSGSEND = YES;
				ENABLE_TESTABILITY = YES;
				GCC_C_LANGUAGE_STANDARD = gnu99;
				GCC_DYNAMIC_NO_PIC = NO;
				GCC_NO_COMMON_BLOCKS = YES;
				GCC_OPTIMIZATION_LEVEL = 0;
				GCC_PREPROCESSOR_DEFINITIONS = (
					"DEBUG=1",
					"$(inherited)",
				);
				GCC_WARN_64_TO_32_BIT_CONVERSION = YES;
				GCC_WARN_ABOUT_RETURN_TYPE = YES_ERROR;
				GCC_WARN_UNDECLARED_SELECTOR = YES;
				GCC_WARN_UNINITIALIZED_AUTOS = YES_AGGRESSIVE;
				GCC_WARN_UNUSED_FUNCTION = YES;
				GCC_WARN_UNUSED_VARIABLE = YES;
				IPHONEOS_DEPLOYMENT_TARGET = 10.2;
				MTL_ENABLE_DEBUG_INFO = YES;
				ONLY_ACTIVE_ARCH = YES;
				SDKROOT = iphoneos;
				TARGETED_DEVICE_FAMILY = "1,2";
			};
			name = Debug;
		};
		817BE49D1E8258B700DA9663 /* Release */ = {
			isa = XCBuildConfiguration;
			buildSettings = {
				ALWAYS_SEARCH_USER_PATHS = NO;
				CLANG_ANALYZER_NONNULL = YES;
				CLANG_CXX_LANGUAGE_STANDARD = "gnu++0x";
				CLANG_CXX_LIBRARY = "libc++";
				CLANG_ENABLE_MODULES = YES;
				CLANG_ENABLE_OBJC_ARC = YES;
				CLANG_WARN_BOOL_CONVERSION = YES;
				CLANG_WARN_CONSTANT_CONVERSION = YES;
				CLANG_WARN_DIRECT_OBJC_ISA_USAGE = YES_ERROR;
				CLANG_WARN_DOCUMENTATION_COMMENTS = YES;
				CLANG_WARN_EMPTY_BODY = YES;
				CLANG_WARN_ENUM_CONVERSION = YES;
				CLANG_WARN_INFINITE_RECURSION = YES;
				CLANG_WARN_INT_CONVERSION = YES;
				CLANG_WARN_OBJC_ROOT_CLASS = YES_ERROR;
				CLANG_WARN_SUSPICIOUS_MOVE = YES;
				CLANG_WARN_UNREACHABLE_CODE = YES;
				CLANG_WARN__DUPLICATE_METHOD_MATCH = YES;
				"CODE_SIGN_IDENTITY[sdk=iphoneos*]" = "iPhone Developer";
				COPY_PHASE_STRIP = NO;
				DEBUG_INFORMATION_FORMAT = "dwarf-with-dsym";
				ENABLE_NS_ASSERTIONS = NO;
				ENABLE_STRICT_OBJC_MSGSEND = YES;
				GCC_C_LANGUAGE_STANDARD = gnu99;
				GCC_NO_COMMON_BLOCKS = YES;
				GCC_WARN_64_TO_32_BIT_CONVERSION = YES;
				GCC_WARN_ABOUT_RETURN_TYPE = YES_ERROR;
				GCC_WARN_UNDECLARED_SELECTOR = YES;
				GCC_WARN_UNINITIALIZED_AUTOS = YES_AGGRESSIVE;
				GCC_WARN_UNUSED_FUNCTION = YES;
				GCC_WARN_UNUSED_VARIABLE = YES;
				IPHONEOS_DEPLOYMENT_TARGET = 10.2;
				MTL_ENABLE_DEBUG_INFO = NO;
				SDKROOT = iphoneos;
				TARGETED_DEVICE_FAMILY = "1,2";
				VALIDATE_PRODUCT = YES;
			};
			name = Release;
		};
		817BE49F1E8258B700DA9663 /* Debug */ = {
			isa = XCBuildConfiguration;
			buildSettings = {
				ALWAYS_SEARCH_USER_PATHS = NO;
				ASSETCATALOG_COMPILER_APPICON_NAME = AppIcon;
				FRAMEWORK_SEARCH_PATHS = "$(PROJECT_DIR)/third_party";
				HEADER_SEARCH_PATHS = "";
				INFOPLIST_FILE = ProjectApp/Info.plist;
				LD_RUNPATH_SEARCH_PATHS = "$(inherited) @executable_path/Frameworks";
				LIBRARY_SEARCH_PATHS = "";
				PRODUCT_BUNDLE_IDENTIFIER = com.ProjectApp;
				PRODUCT_NAME = "$(TARGET_NAME)";
			};
			name = Debug;
		};
		817BE4A01E8258B700DA9663 /* Release */ = {
			isa = XCBuildConfiguration;
			buildSettings = {
				ALWAYS_SEARCH_USER_PATHS = NO;
				ASSETCATALOG_COMPILER_APPICON_NAME = AppIcon;
				FRAMEWORK_SEARCH_PATHS = "$(PROJECT_DIR)/third_party";
				HEADER_SEARCH_PATHS = "";
				INFOPLIST_FILE = ProjectApp/Info.plist;
				LD_RUNPATH_SEARCH_PATHS = "$(inherited) @executable_path/Frameworks";
				LIBRARY_SEARCH_PATHS = "";
				PRODUCT_BUNDLE_IDENTIFIER = com.ProjectApp;
				PRODUCT_NAME = "$(TARGET_NAME)";
			};
			name = Release;
		};
		817BE4A21E8258B700DA9663 /* Debug */ = {
			isa = XCBuildConfiguration;
			buildSettings = {
				BUNDLE_LOADER = "$(TEST_HOST)";
				INFOPLIST_FILE = ProjectAppTests/Info.plist;
				LD_RUNPATH_SEARCH_PATHS = "$(inherited) @executable_path/Frameworks @loader_path/Frameworks";
				PRODUCT_BUNDLE_IDENTIFIER = com.ProjectAppTests;
				PRODUCT_NAME = "$(TARGET_NAME)";
				TEST_HOST = "$(BUILT_PRODUCTS_DIR)/ProjectApp.app/ProjectApp";
			};
			name = Debug;
		};
		817BE4A31E8258B700DA9663 /* Release */ = {
			isa = XCBuildConfiguration;
			buildSettings = {
				BUNDLE_LOADER = "$(TEST_HOST)";
				INFOPLIST_FILE = ProjectAppTests/Info.plist;
				LD_RUNPATH_SEARCH_PATHS = "$(inherited) @executable_path/Frameworks @loader_path/Frameworks";
				PRODUCT_BUNDLE_IDENTIFIER = com.ProjectAppTests;
				PRODUCT_NAME = "$(TARGET_NAME)";
				TEST_HOST = "$(BUILT_PRODUCTS_DIR)/ProjectApp.app/ProjectApp";
			};
			name = Release;
		};
		817BE4A51E8258B700DA9663 /* Debug */ = {
			isa = XCBuildConfiguration;
			buildSettings = {
				INFOPLIST_FILE = ProjectAppUITests/Info.plist;
				LD_RUNPATH_SEARCH_PATHS = "$(inherited) @executable_path/Frameworks @loader_path/Frameworks";
				PRODUCT_BUNDLE_IDENTIFIER = com.ProjectAppUITests;
				PRODUCT_NAME = "$(TARGET_NAME)";
				TEST_TARGET_NAME = ProjectApp;
			};
			name = Debug;
		};
		817BE4A61E8258B700DA9663 /* Release */ = {
			isa = XCBuildConfiguration;
			buildSettings = {
				INFOPLIST_FILE = ProjectAppUITests/Info.plist;
				LD_RUNPATH_SEARCH_PATHS = "$(inherited) @executable_path/Frameworks @loader_path/Frameworks";
				PRODUCT_BUNDLE_IDENTIFIER = com.ProjectAppUITests;
				PRODUCT_NAME = "$(TARGET_NAME)";
				TEST_TARGET_NAME = ProjectApp;
			};
			name = Release;
		};
/* End XCBuildConfiguration section */

/* Begin XCConfigurationList section */
		817BE46C1E8258B700DA9663 /* Build configuration list for PBXProject "ProjectApp" */ = {
			isa = XCConfigurationList;
			buildConfigurations = (
				817BE49C1E8258B700DA9663 /* Debug */,
				817BE49D1E8258B700DA9663 /* Release */,
			);
			defaultConfigurationIsVisible = 0;
			defaultConfigurationName = Release;
		};
		817BE49E1E8258B700DA9663 /* Build configuration list for PBXNativeTarget "ProjectApp" */ = {
			isa = XCConfigurationList;
			buildConfigurations = (
				817BE49F1E8258B700DA9663 /* Debug */,
				817BE4A01E8258B700DA9663 /* Release */,
			);
			defaultConfigurationIsVisible = 0;
			defaultConfigurationName = Release;
		};
		817BE4A11E8258B700DA9663 /* Build configuration list for PBXNativeTarget "ProjectAppTests" */ = {
			isa = XCConfigurationList;
			buildConfigurations = (
				817BE4A21E8258B700DA9663 /* Debug */,
				817BE4A31E8258B700DA9663 /* Release */,
			);
			defaultConfigurationIsVisible = 0;
			defaultConfigurationName = Release;
		};
		817BE4A41E8258B700DA9663 /* Build configuration list for PBXNativeTarget "ProjectAppUITests" */ = {
			isa = XCConfigurationList;
			buildConfigurations = (
				817BE4A51E8258B700DA9663 /* Debug */,
				817BE4A61E8258B700DA9663 /* Release */,
			);
			defaultConfigurationIsVisible = 0;
			defaultConfigurationName = Release;
		};
/* End XCConfigurationList section */
	};
	rootObject = 817BE4691E8258B700DA9663 /* Project object */;
}
